{
  "name": "emrekayik.github.io",
  "lockfileVersion": 3,
  "requires": true,
  "packages": {
    "": {
      "dependencies": {
        "chart.js": "^4.5.0"
      },
      "devDependencies": {
        "daisyui": "^5.1.14",
        "tailwindcss-intersect": "^2.2.0",
        "tailwindcss-motion": "^1.1.1"
      }
    },
    "node_modules/@kurkle/color": {
      "version": "0.3.4",
      "resolved": "https://registry.npmjs.org/@kurkle/color/-/color-0.3.4.tgz",
      "integrity": "sha512-M5UknZPHRu3DEDWoipU6sE8PdkZ6Z/S+v4dD+Ke8IaNlpdSQah50lz1KtcFBa2vsdOnwbbnxJwVM4wty6udA5w==",
      "license": "MIT"
    },
    "node_modules/chart.js": {
      "version": "4.5.0",
      "resolved": "https://registry.npmjs.org/chart.js/-/chart.js-4.5.0.tgz",
      "integrity": "sha512-aYeC/jDgSEx8SHWZvANYMioYMZ2KX02W6f6uVfyteuCGcadDLcYVHdfdygsTQkQ4TKn5lghoojAsPj5pu0SnvQ==",
      "license": "MIT",
      "dependencies": {
        "@kurkle/color": "^0.3.0"
      },
      "engines": {
        "pnpm": ">=8"
      }
    },
    "node_modules/daisyui": {
      "version": "5.1.14",
      "resolved": "https://registry.npmjs.org/daisyui/-/daisyui-5.1.14.tgz",
      "integrity": "sha512-c9Op7tB8vLzzazFaLeyFsmmVMLrU8sYo1sHuStBGTbaAzLVxrulelGQBROo/lS2ZxWm/CnCb9NWdKbTL+MaKFA==",
      "dev": true,
      "license": "MIT",
      "funding": {
        "url": "https://github.com/saadeghi/daisyui?sponsor=1"
      }
    },
    "node_modules/tailwindcss": {
      "version": "4.1.11",
      "resolved": "https://registry.npmjs.org/tailwindcss/-/tailwindcss-4.1.11.tgz",
      "integrity": "sha512-2E9TBm6MDD/xKYe+dvJZAmg3yxIEDNRc0jwlNyDg/4Fil2QcSLjFKGVff0lAf1jjeaArlG/M75Ey/EYr/OJtBA==",
      "dev": true,
      "license": "MIT",
      "peer": true
    },
    "node_modules/tailwindcss-intersect": {
      "version": "2.2.0",
      "resolved": "https://registry.npmjs.org/tailwindcss-intersect/-/tailwindcss-intersect-2.2.0.tgz",
      "integrity": "sha512-LnOQ/iU44jNQ8k3OExa7Ccv/y5NlzAN574jjDnX5gLCdlqoeUT5ADtTznF92oAdon3NZA69b+JLknahbwsqxDA==",
      "dev": true,
      "license": "MIT",
      "peerDependencies": {
        "tailwindcss": ">=3.2.0 || >=4.0.0"
      }
    },
    "node_modules/tailwindcss-motion": {
      "version": "1.1.1",
      "resolved": "https://registry.npmjs.org/tailwindcss-motion/-/tailwindcss-motion-1.1.1.tgz",
      "integrity": "sha512-CeeQAc5o31BuEPMyWdq/786X7QWNeifa+8khfu74Fs8lGkgEwjNYv6dGv+lRFS8FWXV5dp7F3AU9JjBXjiaQfw==",
      "dev": true,
      "license": "MIT",
      "peerDependencies": {
        "tailwindcss": ">=3.0.0 || insiders"
      }
    }
  }
}
